{
    "_meta": {
        "hash": {
            "sha256": "cd5ae9087a66d66be6ea5077faab32f47237759acff63a23179f9cbfb4eedb58"
        },
        "pipfile-spec": 6,
        "requires": {
            "python_version": "3.6"
        },
        "sources": [
            {
                "name": "pypi",
                "url": "https://pypi.org/simple",
                "verify_ssl": true
            }
        ]
    },
    "default": {
        "django": {
            "hashes": [
                "sha256:a787ee66f4b4cf8ed753661cabcec603989677fa3a107fcb7f15511a44bdb483",
                "sha256:f1a961b954d96bb24b397db4c35e9a128d12e044d6b57984c122282b592d508d"
            ],
            "index": "pypi",
            "version": "==1.11.17"
        },
        "django-haystack": {
            "hashes": [
                "sha256:8b54bcc926596765d0a3383d693bcdd76109c7abb6b2323b3984a39e3576028c"
            ],
            "index": "pypi",
            "version": "==2.8.1"
        },
        "pytz": {
            "hashes": [
                "sha256:31cb35c89bd7d333cd32c5f278fca91b523b0834369e757f4c5641ea252236ca",
                "sha256:8e0f8568c118d3077b46be7d654cc8167fa916092e28320cde048e54bfc9f1e6"
            ],
            "version": "==2018.7"
        }
    },
    "develop": {}
}
